dependencies:
- name: argo-cd
  repository: https://argoproj.github.io/argo-helm
  version: 5.52.0
- name: argocd-apps
  repository: https://argoproj.github.io/argo-helm
  version: 2.0.0
digest: sha256:55c83953648631a741a0b9cbc28ca63b3a89f7b27db8543847ce86f11322bd5e
generated: "2024-03-23T18:51:43.629969+02:00"
